// !$*UTF8*$!
{
	archiveVersion = 1;
	classes = {
	};
	objectVersion = 56;
	objects = {

/* Begin PBXBuildFile section */
		914B741C2BACB2DC0068D19D /* MoonFlowApp.swift in Sources */ = {isa = PBXBuildFile; fileRef = 914B741B2BACB2DC0068D19D /* MoonFlowApp.swift */; };
		914B741E2BACB2DC0068D19D /* ContentView.swift in Sources */ = {isa = PBXBuildFile; fileRef = 914B741D2BACB2DC0068D19D /* ContentView.swift */; };
		914B74202BACB2DD0068D19D /* Assets.xcassets in Resources */ = {isa = PBXBuildFile; fileRef = 914B741F2BACB2DD0068D19D /* Assets.xcassets */; };
		914B74232BACB2DD0068D19D /* Preview Assets.xcassets in Resources */ = {isa = PBXBuildFile; fileRef = 914B74222BACB2DD0068D19D /* Preview Assets.xcassets */; };
		914B74252BACB2DD0068D19D /* Persistence.swift in Sources */ = {isa = PBXBuildFile; fileRef = 914B74242BACB2DD0068D19D /* Persistence.swift */; };
		914B74282BACB2DD0068D19D /* MoonFlow.xcdatamodeld in Sources */ = {isa = PBXBuildFile; fileRef = 914B74262BACB2DD0068D19D /* MoonFlow.xcdatamodeld */; };
		914B74322BACB2DD0068D19D /* MoonFlowTests.swift in Sources */ = {isa = PBXBuildFile; fileRef = 914B74312BACB2DD0068D19D /* MoonFlowTests.swift */; };
		914B743C2BACB2DD0068D19D /* MoonFlowUITests.swift in Sources */ = {isa = PBXBuildFile; fileRef = 914B743B2BACB2DD0068D19D /* MoonFlowUITests.swift */; };
		914B743E2BACB2DD0068D19D /* MoonFlowUITestsLaunchTests.swift in Sources */ = {isa = PBXBuildFile; fileRef = 914B743D2BACB2DD0068D19D /* MoonFlowUITestsLaunchTests.swift */; };
		914B74562BACB7C20068D19D /* MonthCalendarScreen.swift in Sources */ = {isa = PBXBuildFile; fileRef = 914B74552BACB7C20068D19D /* MonthCalendarScreen.swift */; };
		914B74592BACBA1C0068D19D /* Month.swift in Sources */ = {isa = PBXBuildFile; fileRef = 914B74582BACBA1C0068D19D /* Month.swift */; };
		914B745B2BACBA2D0068D19D /* DayOfWeek.swift in Sources */ = {isa = PBXBuildFile; fileRef = 914B745A2BACBA2D0068D19D /* DayOfWeek.swift */; };
		914B745D2BACBA400068D19D /* DateContainer.swift in Sources */ = {isa = PBXBuildFile; fileRef = 914B745C2BACBA400068D19D /* DateContainer.swift */; };
		914B74602BACBAB80068D19D /* DateHelper.swift in Sources */ = {isa = PBXBuildFile; fileRef = 914B745F2BACBAB80068D19D /* DateHelper.swift */; };
		914B74622BACBAEE0068D19D /* AverageHelper.swift in Sources */ = {isa = PBXBuildFile; fileRef = 914B74612BACBAEE0068D19D /* AverageHelper.swift */; };
		914B74642BACBB830068D19D /* AverageCalculationTests.swift in Sources */ = {isa = PBXBuildFile; fileRef = 914B74632BACBB830068D19D /* AverageCalculationTests.swift */; };
		914B74852BACC83D0068D19D /* UserAveragesScreen.swift in Sources */ = {isa = PBXBuildFile; fileRef = 914B74842BACC83D0068D19D /* UserAveragesScreen.swift */; };
		914B74872BACC90A0068D19D /* SettingsScreen.swift in Sources */ = {isa = PBXBuildFile; fileRef = 914B74862BACC90A0068D19D /* SettingsScreen.swift */; };
		915BB17D2BADDB8D0013B25F /* PredictionsCalculationTests.swift in Sources */ = {isa = PBXBuildFile; fileRef = 915BB17C2BADDB8D0013B25F /* PredictionsCalculationTests.swift */; };
		915BB17F2BADDC160013B25F /* PredictionHelper.swift in Sources */ = {isa = PBXBuildFile; fileRef = 915BB17E2BADDC160013B25F /* PredictionHelper.swift */; };
		915BB1812BADEB690013B25F /* FirstTimeScreen.swift in Sources */ = {isa = PBXBuildFile; fileRef = 915BB1802BADEB690013B25F /* FirstTimeScreen.swift */; };
		915BB18A2BAE2CA60013B25F /* UserSettings+CoreDataClass.swift in Sources */ = {isa = PBXBuildFile; fileRef = 915BB1822BAE2CA60013B25F /* UserSettings+CoreDataClass.swift */; };
		915BB18B2BAE2CA60013B25F /* UserSettings+CoreDataProperties.swift in Sources */ = {isa = PBXBuildFile; fileRef = 915BB1832BAE2CA60013B25F /* UserSettings+CoreDataProperties.swift */; };
		915BB18E2BAE2CA60013B25F /* PeriodDate+CoreDataClass.swift in Sources */ = {isa = PBXBuildFile; fileRef = 915BB1862BAE2CA60013B25F /* PeriodDate+CoreDataClass.swift */; };
		915BB18F2BAE2CA60013B25F /* PeriodDate+CoreDataProperties.swift in Sources */ = {isa = PBXBuildFile; fileRef = 915BB1872BAE2CA60013B25F /* PeriodDate+CoreDataProperties.swift */; };
		915BB1902BAE2CA60013B25F /* UserAverages+CoreDataClass.swift in Sources */ = {isa = PBXBuildFile; fileRef = 915BB1882BAE2CA60013B25F /* UserAverages+CoreDataClass.swift */; };
		915BB1912BAE2CA60013B25F /* UserAverages+CoreDataProperties.swift in Sources */ = {isa = PBXBuildFile; fileRef = 915BB1892BAE2CA60013B25F /* UserAverages+CoreDataProperties.swift */; };
		915BB1942BAE41AA0013B25F /* UserInfos+CoreDataClass.swift in Sources */ = {isa = PBXBuildFile; fileRef = 915BB1922BAE41AA0013B25F /* UserInfos+CoreDataClass.swift */; };
		915BB1952BAE41AA0013B25F /* UserInfos+CoreDataProperties.swift in Sources */ = {isa = PBXBuildFile; fileRef = 915BB1932BAE41AA0013B25F /* UserInfos+CoreDataProperties.swift */; };
/* End PBXBuildFile section */

/* Begin PBXContainerItemProxy section */
		914B742E2BACB2DD0068D19D /* PBXContainerItemProxy */ = {
			isa = PBXContainerItemProxy;
			containerPortal = 914B74102BACB2DC0068D19D /* Project object */;
			proxyType = 1;
			remoteGlobalIDString = 914B74172BACB2DC0068D19D;
			remoteInfo = MoonFlow;
		};
		914B74382BACB2DD0068D19D /* PBXContainerItemProxy */ = {
			isa = PBXContainerItemProxy;
			containerPortal = 914B74102BACB2DC0068D19D /* Project object */;
			proxyType = 1;
			remoteGlobalIDString = 914B74172BACB2DC0068D19D;
			remoteInfo = MoonFlow;
		};
/* End PBXContainerItemProxy section */

/* Begin PBXFileReference section */
		914B74182BACB2DC0068D19D /* MoonFlow.app */ = {isa = PBXFileReference; explicitFileType = wrapper.application; includeInIndex = 0; path = MoonFlow.app; sourceTree = BUILT_PRODUCTS_DIR; };
		914B741B2BACB2DC0068D19D /* MoonFlowApp.swift */ = {isa = PBXFileReference; lastKnownFileType = sourcecode.swift; path = MoonFlowApp.swift; sourceTree = "<group>"; };
		914B741D2BACB2DC0068D19D /* ContentView.swift */ = {isa = PBXFileReference; lastKnownFileType = sourcecode.swift; path = ContentView.swift; sourceTree = "<group>"; };
		914B741F2BACB2DD0068D19D /* Assets.xcassets */ = {isa = PBXFileReference; lastKnownFileType = folder.assetcatalog; path = Assets.xcassets; sourceTree = "<group>"; };
		914B74222BACB2DD0068D19D /* Preview Assets.xcassets */ = {isa = PBXFileReference; lastKnownFileType = folder.assetcatalog; path = "Preview Assets.xcassets"; sourceTree = "<group>"; };
		914B74242BACB2DD0068D19D /* Persistence.swift */ = {isa = PBXFileReference; lastKnownFileType = sourcecode.swift; path = Persistence.swift; sourceTree = "<group>"; };
		914B74272BACB2DD0068D19D /* MoonFlow.xcdatamodel */ = {isa = PBXFileReference; lastKnownFileType = wrapper.xcdatamodel; path = MoonFlow.xcdatamodel; sourceTree = "<group>"; };
		914B742D2BACB2DD0068D19D /* MoonFlowTests.xctest */ = {isa = PBXFileReference; explicitFileType = wrapper.cfbundle; includeInIndex = 0; path = MoonFlowTests.xctest; sourceTree = BUILT_PRODUCTS_DIR; };
		914B74312BACB2DD0068D19D /* MoonFlowTests.swift */ = {isa = PBXFileReference; lastKnownFileType = sourcecode.swift; path = MoonFlowTests.swift; sourceTree = "<group>"; };
		914B74372BACB2DD0068D19D /* MoonFlowUITests.xctest */ = {isa = PBXFileReference; explicitFileType = wrapper.cfbundle; includeInIndex = 0; path = MoonFlowUITests.xctest; sourceTree = BUILT_PRODUCTS_DIR; };
		914B743B2BACB2DD0068D19D /* MoonFlowUITests.swift */ = {isa = PBXFileReference; lastKnownFileType = sourcecode.swift; path = MoonFlowUITests.swift; sourceTree = "<group>"; };
		914B743D2BACB2DD0068D19D /* MoonFlowUITestsLaunchTests.swift */ = {isa = PBXFileReference; lastKnownFileType = sourcecode.swift; path = MoonFlowUITestsLaunchTests.swift; sourceTree = "<group>"; };
		914B74552BACB7C20068D19D /* MonthCalendarScreen.swift */ = {isa = PBXFileReference; lastKnownFileType = sourcecode.swift; path = MonthCalendarScreen.swift; sourceTree = "<group>"; };
		914B74582BACBA1C0068D19D /* Month.swift */ = {isa = PBXFileReference; lastKnownFileType = sourcecode.swift; path = Month.swift; sourceTree = "<group>"; };
		914B745A2BACBA2D0068D19D /* DayOfWeek.swift */ = {isa = PBXFileReference; lastKnownFileType = sourcecode.swift; path = DayOfWeek.swift; sourceTree = "<group>"; };
		914B745C2BACBA400068D19D /* DateContainer.swift */ = {isa = PBXFileReference; lastKnownFileType = sourcecode.swift; path = DateContainer.swift; sourceTree = "<group>"; };
		914B745F2BACBAB80068D19D /* DateHelper.swift */ = {isa = PBXFileReference; lastKnownFileType = sourcecode.swift; path = DateHelper.swift; sourceTree = "<group>"; };
		914B74612BACBAEE0068D19D /* AverageHelper.swift */ = {isa = PBXFileReference; lastKnownFileType = sourcecode.swift; path = AverageHelper.swift; sourceTree = "<group>"; };
		914B74632BACBB830068D19D /* AverageCalculationTests.swift */ = {isa = PBXFileReference; lastKnownFileType = sourcecode.swift; path = AverageCalculationTests.swift; sourceTree = "<group>"; };
		914B74842BACC83D0068D19D /* UserAveragesScreen.swift */ = {isa = PBXFileReference; lastKnownFileType = sourcecode.swift; path = UserAveragesScreen.swift; sourceTree = "<group>"; };
		914B74862BACC90A0068D19D /* SettingsScreen.swift */ = {isa = PBXFileReference; lastKnownFileType = sourcecode.swift; path = SettingsScreen.swift; sourceTree = "<group>"; };
		915BB17C2BADDB8D0013B25F /* PredictionsCalculationTests.swift */ = {isa = PBXFileReference; lastKnownFileType = sourcecode.swift; path = PredictionsCalculationTests.swift; sourceTree = "<group>"; };
		915BB17E2BADDC160013B25F /* PredictionHelper.swift */ = {isa = PBXFileReference; lastKnownFileType = sourcecode.swift; path = PredictionHelper.swift; sourceTree = "<group>"; };
		915BB1802BADEB690013B25F /* FirstTimeScreen.swift */ = {isa = PBXFileReference; lastKnownFileType = sourcecode.swift; path = FirstTimeScreen.swift; sourceTree = "<group>"; };
		915BB1822BAE2CA60013B25F /* UserSettings+CoreDataClass.swift */ = {isa = PBXFileReference; lastKnownFileType = sourcecode.swift; path = "UserSettings+CoreDataClass.swift"; sourceTree = "<group>"; };
		915BB1832BAE2CA60013B25F /* UserSettings+CoreDataProperties.swift */ = {isa = PBXFileReference; lastKnownFileType = sourcecode.swift; path = "UserSettings+CoreDataProperties.swift"; sourceTree = "<group>"; };
		915BB1862BAE2CA60013B25F /* PeriodDate+CoreDataClass.swift */ = {isa = PBXFileReference; lastKnownFileType = sourcecode.swift; path = "PeriodDate+CoreDataClass.swift"; sourceTree = "<group>"; };
		915BB1872BAE2CA60013B25F /* PeriodDate+CoreDataProperties.swift */ = {isa = PBXFileReference; lastKnownFileType = sourcecode.swift; path = "PeriodDate+CoreDataProperties.swift"; sourceTree = "<group>"; };
		915BB1882BAE2CA60013B25F /* UserAverages+CoreDataClass.swift */ = {isa = PBXFileReference; lastKnownFileType = sourcecode.swift; path = "UserAverages+CoreDataClass.swift"; sourceTree = "<group>"; };
		915BB1892BAE2CA60013B25F /* UserAverages+CoreDataProperties.swift */ = {isa = PBXFileReference; lastKnownFileType = sourcecode.swift; path = "UserAverages+CoreDataProperties.swift"; sourceTree = "<group>"; };
		915BB1922BAE41AA0013B25F /* UserInfos+CoreDataClass.swift */ = {isa = PBXFileReference; lastKnownFileType = sourcecode.swift; path = "UserInfos+CoreDataClass.swift"; sourceTree = "<group>"; };
		915BB1932BAE41AA0013B25F /* UserInfos+CoreDataProperties.swift */ = {isa = PBXFileReference; lastKnownFileType = sourcecode.swift; path = "UserInfos+CoreDataProperties.swift"; sourceTree = "<group>"; };
/* End PBXFileReference section */

/* Begin PBXFrameworksBuildPhase section */
		914B74152BACB2DC0068D19D /* Frameworks */ = {
			isa = PBXFrameworksBuildPhase;
			buildActionMask = 2147483647;
			files = (
			);
			runOnlyForDeploymentPostprocessing = 0;
		};
		914B742A2BACB2DD0068D19D /* Frameworks */ = {
			isa = PBXFrameworksBuildPhase;
			buildActionMask = 2147483647;
			files = (
			);
			runOnlyForDeploymentPostprocessing = 0;
		};
		914B74342BACB2DD0068D19D /* Frameworks */ = {
			isa = PBXFrameworksBuildPhase;
			buildActionMask = 2147483647;
			files = (
			);
			runOnlyForDeploymentPostprocessing = 0;
		};
/* End PBXFrameworksBuildPhase section */

/* Begin PBXGroup section */
		914B740F2BACB2DC0068D19D = {
			isa = PBXGroup;
			children = (
				914B741A2BACB2DC0068D19D /* MoonFlow */,
				914B74302BACB2DD0068D19D /* MoonFlowTests */,
				914B743A2BACB2DD0068D19D /* MoonFlowUITests */,
				914B74192BACB2DC0068D19D /* Products */,
			);
			sourceTree = "<group>";
		};
		914B74192BACB2DC0068D19D /* Products */ = {
			isa = PBXGroup;
			children = (
				914B74182BACB2DC0068D19D /* MoonFlow.app */,
				914B742D2BACB2DD0068D19D /* MoonFlowTests.xctest */,
				914B74372BACB2DD0068D19D /* MoonFlowUITests.xctest */,
			);
			name = Products;
			sourceTree = "<group>";
		};
		914B741A2BACB2DC0068D19D /* MoonFlow */ = {
			isa = PBXGroup;
			children = (
				914B741B2BACB2DC0068D19D /* MoonFlowApp.swift */,
				914B741D2BACB2DC0068D19D /* ContentView.swift */,
				914B74572BACB7EB0068D19D /* Model */,
				914B74542BACB77C0068D19D /* Views */,
				914B745E2BACBAA10068D19D /* Helpers */,
				914B74242BACB2DD0068D19D /* Persistence.swift */,
				914B74262BACB2DD0068D19D /* MoonFlow.xcdatamodeld */,
				915BB1822BAE2CA60013B25F /* UserSettings+CoreDataClass.swift */,
				915BB1832BAE2CA60013B25F /* UserSettings+CoreDataProperties.swift */,
				915BB1922BAE41AA0013B25F /* UserInfos+CoreDataClass.swift */,
				915BB1932BAE41AA0013B25F /* UserInfos+CoreDataProperties.swift */,
				915BB1862BAE2CA60013B25F /* PeriodDate+CoreDataClass.swift */,
				915BB1872BAE2CA60013B25F /* PeriodDate+CoreDataProperties.swift */,
				915BB1882BAE2CA60013B25F /* UserAverages+CoreDataClass.swift */,
				915BB1892BAE2CA60013B25F /* UserAverages+CoreDataProperties.swift */,
				914B741F2BACB2DD0068D19D /* Assets.xcassets */,
				914B74212BACB2DD0068D19D /* Preview Content */,
			);
			path = MoonFlow;
			sourceTree = "<group>";
		};
		914B74212BACB2DD0068D19D /* Preview Content */ = {
			isa = PBXGroup;
			children = (
				914B74222BACB2DD0068D19D /* Preview Assets.xcassets */,
			);
			path = "Preview Content";
			sourceTree = "<group>";
		};
		914B74302BACB2DD0068D19D /* MoonFlowTests */ = {
			isa = PBXGroup;
			children = (
				914B74312BACB2DD0068D19D /* MoonFlowTests.swift */,
				914B74632BACBB830068D19D /* AverageCalculationTests.swift */,
				915BB17C2BADDB8D0013B25F /* PredictionsCalculationTests.swift */,
			);
			path = MoonFlowTests;
			sourceTree = "<group>";
		};
		914B743A2BACB2DD0068D19D /* MoonFlowUITests */ = {
			isa = PBXGroup;
			children = (
				914B743B2BACB2DD0068D19D /* MoonFlowUITests.swift */,
				914B743D2BACB2DD0068D19D /* MoonFlowUITestsLaunchTests.swift */,
			);
			path = MoonFlowUITests;
			sourceTree = "<group>";
		};
		914B74542BACB77C0068D19D /* Views */ = {
			isa = PBXGroup;
			children = (
				915BB1962BAF8EC70013B25F /* FirstTime */,
				915BB1972BAF8EF80013B25F /* Settings */,
				914B74552BACB7C20068D19D /* MonthCalendarScreen.swift */,
				914B74842BACC83D0068D19D /* UserAveragesScreen.swift */,
			);
			path = Views;
			sourceTree = "<group>";
		};
		914B74572BACB7EB0068D19D /* Model */ = {
			isa = PBXGroup;
			children = (
				914B745C2BACBA400068D19D /* DateContainer.swift */,
				914B74582BACBA1C0068D19D /* Month.swift */,
				914B745A2BACBA2D0068D19D /* DayOfWeek.swift */,
			);
			path = Model;
			sourceTree = "<group>";
		};
		914B745E2BACBAA10068D19D /* Helpers */ = {
			isa = PBXGroup;
			children = (
				914B745F2BACBAB80068D19D /* DateHelper.swift */,
				914B74612BACBAEE0068D19D /* AverageHelper.swift */,
				915BB17E2BADDC160013B25F /* PredictionHelper.swift */,
			);
			path = Helpers;
			sourceTree = "<group>";
		};
		915BB1962BAF8EC70013B25F /* FirstTime */ = {
			isa = PBXGroup;
			children = (
				915BB1802BADEB690013B25F /* FirstTimeScreen.swift */,
			);
			path = FirstTime;
			sourceTree = "<group>";
		};
		915BB1972BAF8EF80013B25F /* Settings */ = {
			isa = PBXGroup;
			children = (
				914B74862BACC90A0068D19D /* SettingsScreen.swift */,
			);
			path = Settings;
			sourceTree = "<group>";
		};
/* End PBXGroup section */

/* Begin PBXNativeTarget section */
		914B74172BACB2DC0068D19D /* MoonFlow */ = {
			isa = PBXNativeTarget;
			buildConfigurationList = 914B74412BACB2DD0068D19D /* Build configuration list for PBXNativeTarget "MoonFlow" */;
			buildPhases = (
				914B74142BACB2DC0068D19D /* Sources */,
				914B74152BACB2DC0068D19D /* Frameworks */,
				914B74162BACB2DC0068D19D /* Resources */,
			);
			buildRules = (
			);
			dependencies = (
			);
			name = MoonFlow;
			productName = MoonFlow;
			productReference = 914B74182BACB2DC0068D19D /* MoonFlow.app */;
			productType = "com.apple.product-type.application";
		};
		914B742C2BACB2DD0068D19D /* MoonFlowTests */ = {
			isa = PBXNativeTarget;
			buildConfigurationList = 914B74442BACB2DD0068D19D /* Build configuration list for PBXNativeTarget "MoonFlowTests" */;
			buildPhases = (
				914B74292BACB2DD0068D19D /* Sources */,
				914B742A2BACB2DD0068D19D /* Frameworks */,
				914B742B2BACB2DD0068D19D /* Resources */,
			);
			buildRules = (
			);
			dependencies = (
				914B742F2BACB2DD0068D19D /* PBXTargetDependency */,
			);
			name = MoonFlowTests;
			productName = MoonFlowTests;
			productReference = 914B742D2BACB2DD0068D19D /* MoonFlowTests.xctest */;
			productType = "com.apple.product-type.bundle.unit-test";
		};
		914B74362BACB2DD0068D19D /* MoonFlowUITests */ = {
			isa = PBXNativeTarget;
			buildConfigurationList = 914B74472BACB2DD0068D19D /* Build configuration list for PBXNativeTarget "MoonFlowUITests" */;
			buildPhases = (
				914B74332BACB2DD0068D19D /* Sources */,
				914B74342BACB2DD0068D19D /* Frameworks */,
				914B74352BACB2DD0068D19D /* Resources */,
			);
			buildRules = (
			);
			dependencies = (
				914B74392BACB2DD0068D19D /* PBXTargetDependency */,
			);
			name = MoonFlowUITests;
			productName = MoonFlowUITests;
			productReference = 914B74372BACB2DD0068D19D /* MoonFlowUITests.xctest */;
			productType = "com.apple.product-type.bundle.ui-testing";
		};
/* End PBXNativeTarget section */

/* Begin PBXProject section */
		914B74102BACB2DC0068D19D /* Project object */ = {
			isa = PBXProject;
			attributes = {
				BuildIndependentTargetsInParallel = 1;
				LastSwiftUpdateCheck = 1530;
				LastUpgradeCheck = 1530;
				TargetAttributes = {
					914B74172BACB2DC0068D19D = {
						CreatedOnToolsVersion = 15.3;
					};
					914B742C2BACB2DD0068D19D = {
						CreatedOnToolsVersion = 15.3;
						TestTargetID = 914B74172BACB2DC0068D19D;
					};
					914B74362BACB2DD0068D19D = {
						CreatedOnToolsVersion = 15.3;
						TestTargetID = 914B74172BACB2DC0068D19D;
					};
				};
			};
			buildConfigurationList = 914B74132BACB2DC0068D19D /* Build configuration list for PBXProject "MoonFlow" */;
			compatibilityVersion = "Xcode 14.0";
			developmentRegion = en;
			hasScannedForEncodings = 0;
			knownRegions = (
				en,
				Base,
			);
			mainGroup = 914B740F2BACB2DC0068D19D;
			productRefGroup = 914B74192BACB2DC0068D19D /* Products */;
			projectDirPath = "";
			projectRoot = "";
			targets = (
				914B74172BACB2DC0068D19D /* MoonFlow */,
				914B742C2BACB2DD0068D19D /* MoonFlowTests */,
				914B74362BACB2DD0068D19D /* MoonFlowUITests */,
			);
		};
/* End PBXProject section */

/* Begin PBXResourcesBuildPhase section */
		914B74162BACB2DC0068D19D /* Resources */ = {
			isa = PBXResourcesBuildPhase;
			buildActionMask = 2147483647;
			files = (
				914B74232BACB2DD0068D19D /* Preview Assets.xcassets in Resources */,
				914B74202BACB2DD0068D19D /* Assets.xcassets in Resources */,
			);
			runOnlyForDeploymentPostprocessing = 0;
		};
		914B742B2BACB2DD0068D19D /* Resources */ = {
			isa = PBXResourcesBuildPhase;
			buildActionMask = 2147483647;
			files = (
			);
			runOnlyForDeploymentPostprocessing = 0;
		};
		914B74352BACB2DD0068D19D /* Resources */ = {
			isa = PBXResourcesBuildPhase;
			buildActionMask = 2147483647;
			files = (
			);
			runOnlyForDeploymentPostprocessing = 0;
		};
/* End PBXResourcesBuildPhase section */

/* Begin PBXSourcesBuildPhase section */
		914B74142BACB2DC0068D19D /* Sources */ = {
			isa = PBXSourcesBuildPhase;
			buildActionMask = 2147483647;
			files = (
				915BB17F2BADDC160013B25F /* PredictionHelper.swift in Sources */,
				915BB1812BADEB690013B25F /* FirstTimeScreen.swift in Sources */,
				914B74872BACC90A0068D19D /* SettingsScreen.swift in Sources */,
				914B745D2BACBA400068D19D /* DateContainer.swift in Sources */,
				915BB1942BAE41AA0013B25F /* UserInfos+CoreDataClass.swift in Sources */,
				915BB1952BAE41AA0013B25F /* UserInfos+CoreDataProperties.swift in Sources */,
				914B745B2BACBA2D0068D19D /* DayOfWeek.swift in Sources */,
				914B74252BACB2DD0068D19D /* Persistence.swift in Sources */,
				914B741E2BACB2DC0068D19D /* ContentView.swift in Sources */,
				914B74602BACBAB80068D19D /* DateHelper.swift in Sources */,
				914B74852BACC83D0068D19D /* UserAveragesScreen.swift in Sources */,
				914B74562BACB7C20068D19D /* MonthCalendarScreen.swift in Sources */,
				914B74622BACBAEE0068D19D /* AverageHelper.swift in Sources */,
				914B74282BACB2DD0068D19D /* MoonFlow.xcdatamodeld in Sources */,
				915BB18A2BAE2CA60013B25F /* UserSettings+CoreDataClass.swift in Sources */,
				915BB18B2BAE2CA60013B25F /* UserSettings+CoreDataProperties.swift in Sources */,
				915BB18E2BAE2CA60013B25F /* PeriodDate+CoreDataClass.swift in Sources */,
				915BB18F2BAE2CA60013B25F /* PeriodDate+CoreDataProperties.swift in Sources */,
				915BB1902BAE2CA60013B25F /* UserAverages+CoreDataClass.swift in Sources */,
				915BB1912BAE2CA60013B25F /* UserAverages+CoreDataProperties.swift in Sources */,
				914B74592BACBA1C0068D19D /* Month.swift in Sources */,
				914B741C2BACB2DC0068D19D /* MoonFlowApp.swift in Sources */,
			);
			runOnlyForDeploymentPostprocessing = 0;
		};
		914B74292BACB2DD0068D19D /* Sources */ = {
			isa = PBXSourcesBuildPhase;
			buildActionMask = 2147483647;
			files = (
				915BB17D2BADDB8D0013B25F /* PredictionsCalculationTests.swift in Sources */,
				914B74642BACBB830068D19D /* AverageCalculationTests.swift in Sources */,
				914B74322BACB2DD0068D19D /* MoonFlowTests.swift in Sources */,
			);
			runOnlyForDeploymentPostprocessing = 0;
		};
		914B74332BACB2DD0068D19D /* Sources */ = {
			isa = PBXSourcesBuildPhase;
			buildActionMask = 2147483647;
			files = (
				914B743E2BACB2DD0068D19D /* MoonFlowUITestsLaunchTests.swift in Sources */,
				914B743C2BACB2DD0068D19D /* MoonFlowUITests.swift in Sources */,
			);
			runOnlyForDeploymentPostprocessing = 0;
		};
/* End PBXSourcesBuildPhase section */

/* Begin PBXTargetDependency section */
		914B742F2BACB2DD0068D19D /* PBXTargetDependency */ = {
			isa = PBXTargetDependency;
			target = 914B74172BACB2DC0068D19D /* MoonFlow */;
			targetProxy = 914B742E2BACB2DD0068D19D /* PBXContainerItemProxy */;
		};
		914B74392BACB2DD0068D19D /* PBXTargetDependency */ = {
			isa = PBXTargetDependency;
			target = 914B74172BACB2DC0068D19D /* MoonFlow */;
			targetProxy = 914B74382BACB2DD0068D19D /* PBXContainerItemProxy */;
		};
/* End PBXTargetDependency section */

/* Begin XCBuildConfiguration section */
		914B743F2BACB2DD0068D19D /* Debug */ = {
			isa = XCBuildConfiguration;
			buildSettings = {
				ALWAYS_SEARCH_USER_PATHS = NO;
				ASSETCATALOG_COMPILER_GENERATE_SWIFT_ASSET_SYMBOL_EXTENSIONS = YES;
				CLANG_ANALYZER_NONNULL = YES;
				CLANG_ANALYZER_NUMBER_OBJECT_CONVERSION = YES_AGGRESSIVE;
				CLANG_CXX_LANGUAGE_STANDARD = "gnu++20";
				CLANG_ENABLE_MODULES = YES;
				CLANG_ENABLE_OBJC_ARC = YES;
				CLANG_ENABLE_OBJC_WEAK = YES;
				CLANG_WARN_BLOCK_CAPTURE_AUTORELEASING = YES;
				CLANG_WARN_BOOL_CONVERSION = YES;
				CLANG_WARN_COMMA = YES;
				CLANG_WARN_CONSTANT_CONVERSION = YES;
				CLANG_WARN_DEPRECATED_OBJC_IMPLEMENTATIONS = YES;
				CLANG_WARN_DIRECT_OBJC_ISA_USAGE = YES_ERROR;
				CLANG_WARN_DOCUMENTATION_COMMENTS = YES;
				CLANG_WARN_EMPTY_BODY = YES;
				CLANG_WARN_ENUM_CONVERSION = YES;
				CLANG_WARN_INFINITE_RECURSION = YES;
				CLANG_WARN_INT_CONVERSION = YES;
				CLANG_WARN_NON_LITERAL_NULL_CONVERSION = YES;
				CLANG_WARN_OBJC_IMPLICIT_RETAIN_SELF = YES;
				CLANG_WARN_OBJC_LITERAL_CONVERSION = YES;
				CLANG_WARN_OBJC_ROOT_CLASS = YES_ERROR;
				CLANG_WARN_QUOTED_INCLUDE_IN_FRAMEWORK_HEADER = YES;
				CLANG_WARN_RANGE_LOOP_ANALYSIS = YES;
				CLANG_WARN_STRICT_PROTOTYPES = YES;
				CLANG_WARN_SUSPICIOUS_MOVE = YES;
				CLANG_WARN_UNGUARDED_AVAILABILITY = YES_AGGRESSIVE;
				CLANG_WARN_UNREACHABLE_CODE = YES;
				CLANG_WARN__DUPLICATE_METHOD_MATCH = YES;
				COPY_PHASE_STRIP = NO;
				DEBUG_INFORMATION_FORMAT = dwarf;
				ENABLE_STRICT_OBJC_MSGSEND = YES;
				ENABLE_TESTABILITY = YES;
				ENABLE_USER_SCRIPT_SANDBOXING = YES;
				GCC_C_LANGUAGE_STANDARD = gnu17;
				GCC_DYNAMIC_NO_PIC = NO;
				GCC_NO_COMMON_BLOCKS = YES;
				GCC_OPTIMIZATION_LEVEL = 0;
				GCC_PREPROCESSOR_DEFINITIONS = (
					"DEBUG=1",
					"$(inherited)",
				);
				GCC_WARN_64_TO_32_BIT_CONVERSION = YES;
				GCC_WARN_ABOUT_RETURN_TYPE = YES_ERROR;
				GCC_WARN_UNDECLARED_SELECTOR = YES;
				GCC_WARN_UNINITIALIZED_AUTOS = YES_AGGRESSIVE;
				GCC_WARN_UNUSED_FUNCTION = YES;
				GCC_WARN_UNUSED_VARIABLE = YES;
				IPHONEOS_DEPLOYMENT_TARGET = 16.0;
				LOCALIZATION_PREFERS_STRING_CATALOGS = YES;
				MTL_ENABLE_DEBUG_INFO = INCLUDE_SOURCE;
				MTL_FAST_MATH = YES;
				ONLY_ACTIVE_ARCH = YES;
				SDKROOT = iphoneos;
				SWIFT_ACTIVE_COMPILATION_CONDITIONS = "DEBUG $(inherited)";
				SWIFT_OPTIMIZATION_LEVEL = "-Onone";
			};
			name = Debug;
		};
		914B74402BACB2DD0068D19D /* Release */ = {
			isa = XCBuildConfiguration;
			buildSettings = {
				ALWAYS_SEARCH_USER_PATHS = NO;
				ASSETCATALOG_COMPILER_GENERATE_SWIFT_ASSET_SYMBOL_EXTENSIONS = YES;
				CLANG_ANALYZER_NONNULL = YES;
				CLANG_ANALYZER_NUMBER_OBJECT_CONVERSION = YES_AGGRESSIVE;
				CLANG_CXX_LANGUAGE_STANDARD = "gnu++20";
				CLANG_ENABLE_MODULES = YES;
				CLANG_ENABLE_OBJC_ARC = YES;
				CLANG_ENABLE_OBJC_WEAK = YES;
				CLANG_WARN_BLOCK_CAPTURE_AUTORELEASING = YES;
				CLANG_WARN_BOOL_CONVERSION = YES;
				CLANG_WARN_COMMA = YES;
				CLANG_WARN_CONSTANT_CONVERSION = YES;
				CLANG_WARN_DEPRECATED_OBJC_IMPLEMENTATIONS = YES;
				CLANG_WARN_DIRECT_OBJC_ISA_USAGE = YES_ERROR;
				CLANG_WARN_DOCUMENTATION_COMMENTS = YES;
				CLANG_WARN_EMPTY_BODY = YES;
				CLANG_WARN_ENUM_CONVERSION = YES;
				CLANG_WARN_INFINITE_RECURSION = YES;
				CLANG_WARN_INT_CONVERSION = YES;
				CLANG_WARN_NON_LITERAL_NULL_CONVERSION = YES;
				CLANG_WARN_OBJC_IMPLICIT_RETAIN_SELF = YES;
				CLANG_WARN_OBJC_LITERAL_CONVERSION = YES;
				CLANG_WARN_OBJC_ROOT_CLASS = YES_ERROR;
				CLANG_WARN_QUOTED_INCLUDE_IN_FRAMEWORK_HEADER = YES;
				CLANG_WARN_RANGE_LOOP_ANALYSIS = YES;
				CLANG_WARN_STRICT_PROTOTYPES = YES;
				CLANG_WARN_SUSPICIOUS_MOVE = YES;
				CLANG_WARN_UNGUARDED_AVAILABILITY = YES_AGGRESSIVE;
				CLANG_WARN_UNREACHABLE_CODE = YES;
				CLANG_WARN__DUPLICATE_METHOD_MATCH = YES;
				COPY_PHASE_STRIP = NO;
				DEBUG_INFORMATION_FORMAT = "dwarf-with-dsym";
				ENABLE_NS_ASSERTIONS = NO;
				ENABLE_STRICT_OBJC_MSGSEND = YES;
				ENABLE_USER_SCRIPT_SANDBOXING = YES;
				GCC_C_LANGUAGE_STANDARD = gnu17;
				GCC_NO_COMMON_BLOCKS = YES;
				GCC_WARN_64_TO_32_BIT_CONVERSION = YES;
				GCC_WARN_ABOUT_RETURN_TYPE = YES_ERROR;
				GCC_WARN_UNDECLARED_SELECTOR = YES;
				GCC_WARN_UNINITIALIZED_AUTOS = YES_AGGRESSIVE;
				GCC_WARN_UNUSED_FUNCTION = YES;
				GCC_WARN_UNUSED_VARIABLE = YES;
				IPHONEOS_DEPLOYMENT_TARGET = 16.0;
				LOCALIZATION_PREFERS_STRING_CATALOGS = YES;
				MTL_ENABLE_DEBUG_INFO = NO;
				MTL_FAST_MATH = YES;
				SDKROOT = iphoneos;
				SWIFT_COMPILATION_MODE = wholemodule;
				VALIDATE_PRODUCT = YES;
			};
			name = Release;
		};
		914B74422BACB2DD0068D19D /* Debug */ = {
			isa = XCBuildConfiguration;
			buildSettings = {
				ASSETCATALOG_COMPILER_APPICON_NAME = AppIcon;
				ASSETCATALOG_COMPILER_GLOBAL_ACCENT_COLOR_NAME = AccentColor;
				CODE_SIGN_STYLE = Automatic;
				CURRENT_PROJECT_VERSION = 1;
				DEVELOPMENT_ASSET_PATHS = "\"MoonFlow/Preview Content\"";
				DEVELOPMENT_TEAM = Q4C4Y6CJ8F;
				ENABLE_PREVIEWS = YES;
				GENERATE_INFOPLIST_FILE = YES;
				INFOPLIST_KEY_CFBundleDisplayName = MoonFlow;
				INFOPLIST_KEY_LSApplicationCategoryType = "public.app-category.healthcare-fitness";
				INFOPLIST_KEY_UIApplicationSceneManifest_Generation = YES;
				INFOPLIST_KEY_UIApplicationSupportsIndirectInputEvents = YES;
				INFOPLIST_KEY_UILaunchScreen_Generation = YES;
				INFOPLIST_KEY_UISupportedInterfaceOrientations_iPad = "UIInterfaceOrientationPortrait UIInterfaceOrientationPortraitUpsideDown UIInterfaceOrientationLandscapeLeft UIInterfaceOrientationLandscapeRight";
				INFOPLIST_KEY_UISupportedInterfaceOrientations_iPhone = "UIInterfaceOrientationPortrait UIInterfaceOrientationLandscapeLeft UIInterfaceOrientationLandscapeRight";
				IPHONEOS_DEPLOYMENT_TARGET = 16.0;
				LD_RUNPATH_SEARCH_PATHS = (
					"$(inherited)",
					"@executable_path/Frameworks",
				);
				MARKETING_VERSION = 1.0;
				PRODUCT_BUNDLE_IDENTIFIER = io.camimaki.MoonFlow;
				PRODUCT_NAME = "$(TARGET_NAME)";
				SWIFT_EMIT_LOC_STRINGS = YES;
				SWIFT_VERSION = 5.0;
				TARGETED_DEVICE_FAMILY = "1,2";
			};
			name = Debug;
		};
		914B74432BACB2DD0068D19D /* Release */ = {
			isa = XCBuildConfiguration;
			buildSettings = {
				ASSETCATALOG_COMPILER_APPICON_NAME = AppIcon;
				ASSETCATALOG_COMPILER_GLOBAL_ACCENT_COLOR_NAME = AccentColor;
				CODE_SIGN_STYLE = Automatic;
				CURRENT_PROJECT_VERSION = 1;
				DEVELOPMENT_ASSET_PATHS = "\"MoonFlow/Preview Content\"";
				DEVELOPMENT_TEAM = Q4C4Y6CJ8F;
				ENABLE_PREVIEWS = YES;
				GENERATE_INFOPLIST_FILE = YES;
				INFOPLIST_KEY_CFBundleDisplayName = MoonFlow;
				INFOPLIST_KEY_LSApplicationCategoryType = "public.app-category.healthcare-fitness";
				INFOPLIST_KEY_UIApplicationSceneManifest_Generation = YES;
				INFOPLIST_KEY_UIApplicationSupportsIndirectInputEvents = YES;
				INFOPLIST_KEY_UILaunchScreen_Generation = YES;
				INFOPLIST_KEY_UISupportedInterfaceOrientations_iPad = "UIInterfaceOrientationPortrait UIInterfaceOrientationPortraitUpsideDown UIInterfaceOrientationLandscapeLeft UIInterfaceOrientationLandscapeRight";
				INFOPLIST_KEY_UISupportedInterfaceOrientations_iPhone = "UIInterfaceOrientationPortrait UIInterfaceOrientationLandscapeLeft UIInterfaceOrientationLandscapeRight";
				IPHONEOS_DEPLOYMENT_TARGET = 16.0;
				LD_RUNPATH_SEARCH_PATHS = (
					"$(inherited)",
					"@executable_path/Frameworks",
				);
				MARKETING_VERSION = 1.0;
				PRODUCT_BUNDLE_IDENTIFIER = io.camimaki.MoonFlow;
				PRODUCT_NAME = "$(TARGET_NAME)";
				SWIFT_EMIT_LOC_STRINGS = YES;
				SWIFT_VERSION = 5.0;
				TARGETED_DEVICE_FAMILY = "1,2";
			};
			name = Release;
		};
		914B74452BACB2DD0068D19D /* Debug */ = {
			isa = XCBuildConfiguration;
			buildSettings = {
				ALWAYS_EMBED_SWIFT_STANDARD_LIBRARIES = YES;
				BUNDLE_LOADER = "$(TEST_HOST)";
				CODE_SIGN_STYLE = Automatic;
				CURRENT_PROJECT_VERSION = 1;
				DEVELOPMENT_TEAM = Q4C4Y6CJ8F;
				GENERATE_INFOPLIST_FILE = YES;
				IPHONEOS_DEPLOYMENT_TARGET = 16.0;
				MARKETING_VERSION = 1.0;
				PRODUCT_BUNDLE_IDENTIFIER = io.camimaki.MoonFlowTests;
				PRODUCT_NAME = "$(TARGET_NAME)";
				SWIFT_EMIT_LOC_STRINGS = NO;
				SWIFT_VERSION = 5.0;
				TARGETED_DEVICE_FAMILY = "1,2";
				TEST_HOST = "$(BUILT_PRODUCTS_DIR)/MoonFlow.app/$(BUNDLE_EXECUTABLE_FOLDER_PATH)/MoonFlow";
			};
			name = Debug;
		};
		914B74462BACB2DD0068D19D /* Release */ = {
			isa = XCBuildConfiguration;
			buildSettings = {
				ALWAYS_EMBED_SWIFT_STANDARD_LIBRARIES = YES;
				BUNDLE_LOADER = "$(TEST_HOST)";
				CODE_SIGN_STYLE = Automatic;
				CURRENT_PROJECT_VERSION = 1;
				DEVELOPMENT_TEAM = Q4C4Y6CJ8F;
				GENERATE_INFOPLIST_FILE = YES;
				IPHONEOS_DEPLOYMENT_TARGET = 16.0;
				MARKETING_VERSION = 1.0;
				PRODUCT_BUNDLE_IDENTIFIER = io.camimaki.MoonFlowTests;
				PRODUCT_NAME = "$(TARGET_NAME)";
				SWIFT_EMIT_LOC_STRINGS = NO;
				SWIFT_VERSION = 5.0;
				TARGETED_DEVICE_FAMILY = "1,2";
				TEST_HOST = "$(BUILT_PRODUCTS_DIR)/MoonFlow.app/$(BUNDLE_EXECUTABLE_FOLDER_PATH)/MoonFlow";
			};
			name = Release;
		};
		914B74482BACB2DD0068D19D /* Debug */ = {
			isa = XCBuildConfiguration;
			buildSettings = {
				ALWAYS_EMBED_SWIFT_STANDARD_LIBRARIES = YES;
				CODE_SIGN_STYLE = Automatic;
				CURRENT_PROJECT_VERSION = 1;
				DEVELOPMENT_TEAM = Q4C4Y6CJ8F;
				GENERATE_INFOPLIST_FILE = YES;
				IPHONEOS_DEPLOYMENT_TARGET = 16.0;
				MARKETING_VERSION = 1.0;
				PRODUCT_BUNDLE_IDENTIFIER = io.camimaki.MoonFlowUITests;
				PRODUCT_NAME = "$(TARGET_NAME)";
				SWIFT_EMIT_LOC_STRINGS = NO;
				SWIFT_VERSION = 5.0;
				TARGETED_DEVICE_FAMILY = "1,2";
				TEST_TARGET_NAME = MoonFlow;
			};
			name = Debug;
		};
		914B74492BACB2DD0068D19D /* Release */ = {
			isa = XCBuildConfiguration;
			buildSettings = {
				ALWAYS_EMBED_SWIFT_STANDARD_LIBRARIES = YES;
				CODE_SIGN_STYLE = Automatic;
				CURRENT_PROJECT_VERSION = 1;
				DEVELOPMENT_TEAM = Q4C4Y6CJ8F;
				GENERATE_INFOPLIST_FILE = YES;
				IPHONEOS_DEPLOYMENT_TARGET = 16.0;
				MARKETING_VERSION = 1.0;
				PRODUCT_BUNDLE_IDENTIFIER = io.camimaki.MoonFlowUITests;
				PRODUCT_NAME = "$(TARGET_NAME)";
				SWIFT_EMIT_LOC_STRINGS = NO;
				SWIFT_VERSION = 5.0;
				TARGETED_DEVICE_FAMILY = "1,2";
				TEST_TARGET_NAME = MoonFlow;
			};
			name = Release;
		};
/* End XCBuildConfiguration section */

/* Begin XCConfigurationList section */
		914B74132BACB2DC0068D19D /* Build configuration list for PBXProject "MoonFlow" */ = {
			isa = XCConfigurationList;
			buildConfigurations = (
				914B743F2BACB2DD0068D19D /* Debug */,
				914B74402BACB2DD0068D19D /* Release */,
			);
			defaultConfigurationIsVisible = 0;
			defaultConfigurationName = Release;
		};
		914B74412BACB2DD0068D19D /* Build configuration list for PBXNativeTarget "MoonFlow" */ = {
			isa = XCConfigurationList;
			buildConfigurations = (
				914B74422BACB2DD0068D19D /* Debug */,
				914B74432BACB2DD0068D19D /* Release */,
			);
			defaultConfigurationIsVisible = 0;
			defaultConfigurationName = Release;
		};
		914B74442BACB2DD0068D19D /* Build configuration list for PBXNativeTarget "MoonFlowTests" */ = {
			isa = XCConfigurationList;
			buildConfigurations = (
				914B74452BACB2DD0068D19D /* Debug */,
				914B74462BACB2DD0068D19D /* Release */,
			);
			defaultConfigurationIsVisible = 0;
			defaultConfigurationName = Release;
		};
		914B74472BACB2DD0068D19D /* Build configuration list for PBXNativeTarget "MoonFlowUITests" */ = {
			isa = XCConfigurationList;
			buildConfigurations = (
				914B74482BACB2DD0068D19D /* Debug */,
				914B74492BACB2DD0068D19D /* Release */,
			);
			defaultConfigurationIsVisible = 0;
			defaultConfigurationName = Release;
		};
/* End XCConfigurationList section */

/* Begin XCVersionGroup section */
		914B74262BACB2DD0068D19D /* MoonFlow.xcdatamodeld */ = {
			isa = XCVersionGroup;
			children = (
				914B74272BACB2DD0068D19D /* MoonFlow.xcdatamodel */,
			);
			currentVersion = 914B74272BACB2DD0068D19D /* MoonFlow.xcdatamodel */;
			path = MoonFlow.xcdatamodeld;
			sourceTree = "<group>";
			versionGroupType = wrapper.xcdatamodel;
		};
/* End XCVersionGroup section */
	};
	rootObject = 914B74102BACB2DC0068D19D /* Project object */;
}
